# THIS IS AN AUTOGENERATED FILE. DO NOT EDIT THIS FILE DIRECTLY.
# yarn lockfile v1


ajv@^6.5.5:
  version "6.10.0"
  resolved "https://registry.yarnpkg.com/ajv/-/ajv-6.10.0.tgz#90d0d54439da587cd7e843bfb7045f50bd22bdf1"
  dependencies:
    fast-deep-equal "^2.0.1"
    fast-json-stable-stringify "^2.0.0"
    json-schema-traverse "^0.4.1"
    uri-js "^4.2.2"

asn1.js@^4.9.1:
  version "4.10.1"
  resolved "https://registry.yarnpkg.com/asn1.js/-/asn1.js-4.10.1.tgz#b9c2bf5805f1e64aadeed6df3a2bfafb5a73f5a0"
  dependencies:
    bn.js "^4.0.0"
    inherits "^2.0.1"
    minimalistic-assert "^1.0.0"

asn1.js@^5.0.1:
  version "5.0.1"
  resolved "https://registry.yarnpkg.com/asn1.js/-/asn1.js-5.0.1.tgz#7668b56416953f0ce3421adbb3893ace59c96f59"
  dependencies:
    bn.js "^4.0.0"
    inherits "^2.0.1"
    minimalistic-assert "^1.0.0"

asn1@~0.2.3:
  version "0.2.4"
  resolved "https://registry.yarnpkg.com/asn1/-/asn1-0.2.4.tgz#8d2475dfab553bb33e77b54e59e880bb8ce23136"
  dependencies:
    safer-buffer "~2.1.0"

assert-plus@1.0.0, assert-plus@^1.0.0:
  version "1.0.0"
  resolved "https://registry.yarnpkg.com/assert-plus/-/assert-plus-1.0.0.tgz#f12e0f3c5d77b0b1cdd9146942e4e96c1e4dd525"

async@^2.1.4:
  version "2.6.2"
  resolved "https://registry.yarnpkg.com/async/-/async-2.6.2.tgz#18330ea7e6e313887f5d2f2a904bac6fe4dd5381"
  dependencies:
    lodash "^4.17.11"

asynckit@^0.4.0:
  version "0.4.0"
  resolved "https://registry.yarnpkg.com/asynckit/-/asynckit-0.4.0.tgz#c79ed97f7f34cb8f2ba1bc9790bcc366474b4b79"

aws-sign2@~0.7.0:
  version "0.7.0"
  resolved "https://registry.yarnpkg.com/aws-sign2/-/aws-sign2-0.7.0.tgz#b46e890934a9591f2d2f6f86d7e6a9f1b3fe76a8"

aws4@^1.8.0:
  version "1.8.0"
  resolved "https://registry.yarnpkg.com/aws4/-/aws4-1.8.0.tgz#f0e003d9ca9e7f59c7a508945d7b2ef9a04a542f"

babel-plugin-module-resolver@^3.1.1:
  version "3.2.0"
  resolved "https://registry.yarnpkg.com/babel-plugin-module-resolver/-/babel-plugin-module-resolver-3.2.0.tgz#ddfa5e301e3b9aa12d852a9979f18b37881ff5a7"
  dependencies:
    find-babel-config "^1.1.0"
    glob "^7.1.2"
    pkg-up "^2.0.0"
    reselect "^3.0.1"
    resolve "^1.4.0"

babel-runtime@^6.26.0:
  version "6.26.0"
  resolved "https://registry.yarnpkg.com/babel-runtime/-/babel-runtime-6.26.0.tgz#965c7058668e82b55d7bfe04ff2337bc8b5647fe"
  dependencies:
    core-js "^2.4.0"
    regenerator-runtime "^0.11.0"

balanced-match@^1.0.0:
  version "1.0.0"
  resolved "https://registry.yarnpkg.com/balanced-match/-/balanced-match-1.0.0.tgz#89b4d199ab2bee49de164ea02b89ce462d71b767"

base-x@3.0.4:
  version "3.0.4"
  resolved "https://registry.yarnpkg.com/base-x/-/base-x-3.0.4.tgz#94c1788736da065edb1d68808869e357c977fa77"
  dependencies:
    safe-buffer "^5.0.1"

base-x@^3.0.2:
  version "3.0.5"
  resolved "https://registry.yarnpkg.com/base-x/-/base-x-3.0.5.tgz#d3ada59afed05b921ab581ec3112e6444ba0795a"
  dependencies:
    safe-buffer "^5.0.1"

base64-js@^1.0.2:
  version "1.3.0"
  resolved "https://registry.yarnpkg.com/base64-js/-/base64-js-1.3.0.tgz#cab1e6118f051095e58b5281aea8c1cd22bfc0e3"

base64url@^2.0.0:
  version "2.0.0"
  resolved "https://registry.yarnpkg.com/base64url/-/base64url-2.0.0.tgz#eac16e03ea1438eff9423d69baa36262ed1f70bb"

base64url@^3.0.0:
  version "3.0.1"
  resolved "https://registry.yarnpkg.com/base64url/-/base64url-3.0.1.tgz#6399d572e2bc3f90a9a8b22d5dbb0a32d33f788d"

bcrypt-pbkdf@^1.0.0:
  version "1.0.2"
  resolved "https://registry.yarnpkg.com/bcrypt-pbkdf/-/bcrypt-pbkdf-1.0.2.tgz#a4301d389b6a43f9b67ff3ca11a3f6637e360e9e"
  dependencies:
    tweetnacl "^0.14.3"

"bignumber.js@git+https://github.com/debris/bignumber.js.git#94d7146671b9719e00a09c29b01a691bc85048c2":
  version "2.0.7"
  resolved "git+https://github.com/debris/bignumber.js.git#94d7146671b9719e00a09c29b01a691bc85048c2"

bindings@^1.2.1:
  version "1.5.0"
  resolved "https://registry.yarnpkg.com/bindings/-/bindings-1.5.0.tgz#10353c9e945334bc0511a6d90b38fbc7c9c504df"
  dependencies:
    file-uri-to-path "1.0.0"

bip66@^1.1.3:
  version "1.1.5"
  resolved "https://registry.yarnpkg.com/bip66/-/bip66-1.1.5.tgz#01fa8748785ca70955d5011217d1b3139969ca22"
  dependencies:
    safe-buffer "^5.0.1"

bn.js@4.11.6:
  version "4.11.6"
  resolved "https://registry.yarnpkg.com/bn.js/-/bn.js-4.11.6.tgz#53344adb14617a13f6e8dd2ce28905d1c0ba3215"

bn.js@^4.0.0, bn.js@^4.11.0, bn.js@^4.11.1, bn.js@^4.11.3, bn.js@^4.11.8, bn.js@^4.4.0:
  version "4.11.8"
  resolved "https://registry.yarnpkg.com/bn.js/-/bn.js-4.11.8.tgz#2cde09eb5ee341f484746bb0309b3253b1b1442f"

brace-expansion@^1.1.7:
  version "1.1.11"
  resolved "https://registry.yarnpkg.com/brace-expansion/-/brace-expansion-1.1.11.tgz#3c7fcbf529d87226f3d2f52b966ff5271eb441dd"
  dependencies:
    balanced-match "^1.0.0"
    concat-map "0.0.1"

brorand@^1.0.1:
  version "1.1.0"
  resolved "https://registry.yarnpkg.com/brorand/-/brorand-1.1.0.tgz#12c25efe40a45e3c323eb8675a0a0ce57b22371f"

browserify-aes@^1.0.6:
  version "1.2.0"
  resolved "https://registry.yarnpkg.com/browserify-aes/-/browserify-aes-1.2.0.tgz#326734642f403dabc3003209853bb70ad428ef48"
  dependencies:
    buffer-xor "^1.0.3"
    cipher-base "^1.0.0"
    create-hash "^1.1.0"
    evp_bytestokey "^1.0.3"
    inherits "^2.0.1"
    safe-buffer "^5.0.1"

bs58@^4.0.1:
  version "4.0.1"
  resolved "https://registry.yarnpkg.com/bs58/-/bs58-4.0.1.tgz#be161e76c354f6f788ae4071f63f34e8c4f0a42a"
  dependencies:
    base-x "^3.0.2"

buffer-xor@^1.0.3:
  version "1.0.3"
  resolved "https://registry.yarnpkg.com/buffer-xor/-/buffer-xor-1.0.3.tgz#26e61ed1422fb70dd42e6e36729ed51d855fe8d9"

buffer@^5.0.5, buffer@^5.1.0:
  version "5.2.1"
  resolved "https://registry.yarnpkg.com/buffer/-/buffer-5.2.1.tgz#dd57fa0f109ac59c602479044dca7b8b3d0b71d6"
  dependencies:
    base64-js "^1.0.2"
    ieee754 "^1.1.4"

caseless@~0.12.0:
  version "0.12.0"
  resolved "https://registry.yarnpkg.com/caseless/-/caseless-0.12.0.tgz#1b681c21ff84033c826543090689420d187151dc"

cipher-base@^1.0.0, cipher-base@^1.0.1, cipher-base@^1.0.3:
  version "1.0.4"
  resolved "https://registry.yarnpkg.com/cipher-base/-/cipher-base-1.0.4.tgz#8760e4ecc272f4c363532f926d874aae2c1397de"
  dependencies:
    inherits "^2.0.1"
    safe-buffer "^5.0.1"

combined-stream@^1.0.6, combined-stream@~1.0.6:
  version "1.0.7"
  resolved "https://registry.yarnpkg.com/combined-stream/-/combined-stream-1.0.7.tgz#2d1d24317afb8abe95d6d2c0b07b57813539d828"
  dependencies:
    delayed-stream "~1.0.0"

concat-map@0.0.1:
  version "0.0.1"
  resolved "https://registry.yarnpkg.com/concat-map/-/concat-map-0.0.1.tgz#d8a96bd77fd68df7793a73036a3ba0d5405d477b"

core-js@^2.4.0:
  version "2.6.5"
  resolved "https://registry.yarnpkg.com/core-js/-/core-js-2.6.5.tgz#44bc8d249e7fb2ff5d00e0341a7ffb94fbf67895"

core-util-is@1.0.2:
  version "1.0.2"
  resolved "https://registry.yarnpkg.com/core-util-is/-/core-util-is-1.0.2.tgz#b5fd54220aa2bc5ab57aab7140c940754503c1a7"

create-hash@^1.1.0, create-hash@^1.1.2:
  version "1.2.0"
  resolved "https://registry.yarnpkg.com/create-hash/-/create-hash-1.2.0.tgz#889078af11a63756bcfb59bd221996be3a9ef196"
  dependencies:
    cipher-base "^1.0.1"
    inherits "^2.0.1"
    md5.js "^1.3.4"
    ripemd160 "^2.0.1"
    sha.js "^2.4.0"

create-hmac@^1.1.4:
  version "1.1.7"
  resolved "https://registry.yarnpkg.com/create-hmac/-/create-hmac-1.1.7.tgz#69170c78b3ab957147b2b8b04572e47ead2243ff"
  dependencies:
    cipher-base "^1.0.3"
    create-hash "^1.1.0"
    inherits "^2.0.1"
    ripemd160 "^2.0.0"
    safe-buffer "^5.0.1"
    sha.js "^2.4.8"

crypto-js@^3.1.4:
  version "3.1.8"
  resolved "https://registry.yarnpkg.com/crypto-js/-/crypto-js-3.1.8.tgz#715f070bf6014f2ae992a98b3929258b713f08d5"

dashdash@^1.12.0:
  version "1.14.1"
  resolved "https://registry.yarnpkg.com/dashdash/-/dashdash-1.14.1.tgz#853cfa0f7cbe2fed5de20326b8dd581035f6e2f0"
  dependencies:
    assert-plus "^1.0.0"

define-properties@^1.1.2:
  version "1.1.3"
  resolved "https://registry.yarnpkg.com/define-properties/-/define-properties-1.1.3.tgz#cf88da6cbee26fe6db7094f61d870cbd84cee9f1"
  dependencies:
    object-keys "^1.0.12"

delayed-stream@~1.0.0:
  version "1.0.0"
  resolved "https://registry.yarnpkg.com/delayed-stream/-/delayed-stream-1.0.0.tgz#df3ae199acadfb7d440aaae0b29e2272b24ec619"

did-jwt@0.0.8, did-jwt@^0.0.8:
  version "0.0.8"
  resolved "https://registry.yarnpkg.com/did-jwt/-/did-jwt-0.0.8.tgz#2e20557220821a71ad7849499114086e9f820c9a"
  dependencies:
    babel-runtime "^6.26.0"
    base64url "^2.0.0"
    buffer "^5.1.0"
    did-resolver "^0.0.4"
    elliptic "^6.4.0"
    js-sha256 "^0.9.0"
    js-sha3 "^0.7.0"
    mnid "^0.1.1"
    uport-did-resolver "^0.0.2"
    uport-lite "^1.0.2"

did-resolver@^0.0.4:
  version "0.0.4"
  resolved "https://registry.yarnpkg.com/did-resolver/-/did-resolver-0.0.4.tgz#d835c44d50acbfeff11b34755cf5ad33d21c7a03"
  dependencies:
    babel-runtime "^6.26.0"

dom-walk@^0.1.0:
  version "0.1.1"
  resolved "https://registry.yarnpkg.com/dom-walk/-/dom-walk-0.1.1.tgz#672226dc74c8f799ad35307df936aba11acd6018"

drbg.js@^1.0.1:
  version "1.0.1"
  resolved "https://registry.yarnpkg.com/drbg.js/-/drbg.js-1.0.1.tgz#3e36b6c42b37043823cdbc332d58f31e2445480b"
  dependencies:
    browserify-aes "^1.0.6"
    create-hash "^1.1.2"
    create-hmac "^1.1.4"

ecc-jsbn@~0.1.1:
  version "0.1.2"
  resolved "https://registry.yarnpkg.com/ecc-jsbn/-/ecc-jsbn-0.1.2.tgz#3a83a904e54353287874c564b7549386849a98c9"
  dependencies:
    jsbn "~0.1.0"
    safer-buffer "^2.1.0"

elliptic@^6.2.3, elliptic@^6.3.2, elliptic@^6.4.0, elliptic@^6.4.1:
  version "6.4.1"
  resolved "https://registry.yarnpkg.com/elliptic/-/elliptic-6.4.1.tgz#c2d0b7776911b86722c632c3c06c60f2f819939a"
  dependencies:
    bn.js "^4.4.0"
    brorand "^1.0.1"
    hash.js "^1.0.0"
    hmac-drbg "^1.0.0"
    inherits "^2.0.1"
    minimalistic-assert "^1.0.0"
    minimalistic-crypto-utils "^1.0.0"

es-abstract@^1.5.0:
  version "1.13.0"
  resolved "https://registry.yarnpkg.com/es-abstract/-/es-abstract-1.13.0.tgz#ac86145fdd5099d8dd49558ccba2eaf9b88e24e9"
  dependencies:
    es-to-primitive "^1.2.0"
    function-bind "^1.1.1"
    has "^1.0.3"
    is-callable "^1.1.4"
    is-regex "^1.0.4"
    object-keys "^1.0.12"

es-to-primitive@^1.2.0:
  version "1.2.0"
  resolved "https://registry.yarnpkg.com/es-to-primitive/-/es-to-primitive-1.2.0.tgz#edf72478033456e8dda8ef09e00ad9650707f377"
  dependencies:
    is-callable "^1.1.4"
    is-date-object "^1.0.1"
    is-symbol "^1.0.2"

ethereumjs-util@^5.2.0:
  version "5.2.0"
  resolved "https://registry.yarnpkg.com/ethereumjs-util/-/ethereumjs-util-5.2.0.tgz#3e0c0d1741471acf1036052d048623dee54ad642"
  dependencies:
    bn.js "^4.11.0"
    create-hash "^1.1.2"
    ethjs-util "^0.1.3"
    keccak "^1.0.2"
    rlp "^2.0.0"
    safe-buffer "^5.1.1"
    secp256k1 "^3.0.1"

ethjs-abi@0.2.0:
  version "0.2.0"
  resolved "https://registry.yarnpkg.com/ethjs-abi/-/ethjs-abi-0.2.0.tgz#d3e2c221011520fc499b71682036c14fcc2f5b25"
  dependencies:
    bn.js "4.11.6"
    js-sha3 "0.5.5"
    number-to-bn "1.7.0"

ethjs-abi@^0.1.8:
  version "0.1.9"
  resolved "https://registry.yarnpkg.com/ethjs-abi/-/ethjs-abi-0.1.9.tgz#5211c4adc3a20793ad319a9d2204e43807e76fea"
  dependencies:
    bn.js "4.11.6"
    js-sha3 "0.5.5"
    number-to-bn "1.7.0"

ethjs-abi@^0.2.1:
  version "0.2.1"
  resolved "https://registry.yarnpkg.com/ethjs-abi/-/ethjs-abi-0.2.1.tgz#e0a7a93a7e81163a94477bad56ede524ab6de533"
  dependencies:
    bn.js "4.11.6"
    js-sha3 "0.5.5"
    number-to-bn "1.7.0"

ethjs-contract@^0.1.9:
  version "0.1.9"
  resolved "https://registry.yarnpkg.com/ethjs-contract/-/ethjs-contract-0.1.9.tgz#1c2766896a56d47ec1d6d661829c49cc38a5520a"
  dependencies:
    ethjs-abi "0.2.0"
    ethjs-filter "0.1.5"
    ethjs-util "0.1.3"
    js-sha3 "0.5.5"

ethjs-filter@0.1.5:
  version "0.1.5"
  resolved "https://registry.yarnpkg.com/ethjs-filter/-/ethjs-filter-0.1.5.tgz#0112af6017c24677e32b8fdeb20e6196019b7598"

ethjs-format@0.2.7:
  version "0.2.7"
  resolved "https://registry.yarnpkg.com/ethjs-format/-/ethjs-format-0.2.7.tgz#20c92f31c259a381588d069830d838b489774b86"
  dependencies:
    bn.js "4.11.6"
    ethjs-schema "0.2.1"
    ethjs-util "0.1.3"
    is-hex-prefixed "1.0.0"
    number-to-bn "1.7.0"
    strip-hex-prefix "1.0.0"

ethjs-provider-http@^0.1.6:
  version "0.1.6"
  resolved "https://registry.yarnpkg.com/ethjs-provider-http/-/ethjs-provider-http-0.1.6.tgz#1ec5d9b4be257ef1d56a500b22a741985e889420"
  dependencies:
    xhr2 "0.1.3"

ethjs-query@^0.3.5:
  version "0.3.8"
  resolved "https://registry.yarnpkg.com/ethjs-query/-/ethjs-query-0.3.8.tgz#aa5af02887bdd5f3c78b3256d0f22ffd5d357490"
  dependencies:
    babel-runtime "^6.26.0"
    ethjs-format "0.2.7"
    ethjs-rpc "0.2.0"
    promise-to-callback "^1.0.0"

ethjs-rpc@0.2.0:
  version "0.2.0"
  resolved "https://registry.yarnpkg.com/ethjs-rpc/-/ethjs-rpc-0.2.0.tgz#3d0011e32cfff156ed6147818c6fb8f801701b4c"
  dependencies:
    promise-to-callback "^1.0.0"

ethjs-schema@0.2.1:
  version "0.2.1"
  resolved "https://registry.yarnpkg.com/ethjs-schema/-/ethjs-schema-0.2.1.tgz#47e138920421453617069034684642e26bb310f4"

ethjs-util@0.1.3:
  version "0.1.3"
  resolved "https://registry.yarnpkg.com/ethjs-util/-/ethjs-util-0.1.3.tgz#dfd5ea4a400dc5e421a889caf47e081ada78bb55"
  dependencies:
    is-hex-prefixed "1.0.0"
    strip-hex-prefix "1.0.0"

ethjs-util@^0.1.3:
  version "0.1.6"
  resolved "https://registry.yarnpkg.com/ethjs-util/-/ethjs-util-0.1.6.tgz#f308b62f185f9fe6237132fb2a9818866a5cd536"
  dependencies:
    is-hex-prefixed "1.0.0"
    strip-hex-prefix "1.0.0"

ethr-did-registry@^0.0.3:
  version "0.0.3"
  resolved "https://registry.yarnpkg.com/ethr-did-registry/-/ethr-did-registry-0.0.3.tgz#f363d2c73cb9572b57bd7a5c9c90c88485feceb5"

ethr-did-resolver@^0.1.1:
  version "0.1.3"
  resolved "https://registry.yarnpkg.com/ethr-did-resolver/-/ethr-did-resolver-0.1.3.tgz#ec183cee97d9bc39793debd18ee131e237511a1a"
  dependencies:
    babel-plugin-module-resolver "^3.1.1"
    babel-runtime "^6.26.0"
    buffer "^5.1.0"
    did-resolver "^0.0.4"
    ethjs-abi "^0.2.1"
    ethjs-contract "^0.1.9"
    ethjs-provider-http "^0.1.6"
    ethjs-query "^0.3.5"
    ethr-did-registry "^0.0.3"

evp_bytestokey@^1.0.3:
  version "1.0.3"
  resolved "https://registry.yarnpkg.com/evp_bytestokey/-/evp_bytestokey-1.0.3.tgz#7fcbdb198dc71959432efe13842684e0525acb02"
  dependencies:
    md5.js "^1.3.4"
    safe-buffer "^5.1.1"

extend@~3.0.2:
  version "3.0.2"
  resolved "https://registry.yarnpkg.com/extend/-/extend-3.0.2.tgz#f8b1136b4071fbd8eb140aff858b1019ec2915fa"

extsprintf@1.3.0:
  version "1.3.0"
  resolved "https://registry.yarnpkg.com/extsprintf/-/extsprintf-1.3.0.tgz#96918440e3041a7a414f8c52e3c574eb3c3e1e05"

extsprintf@^1.2.0:
  version "1.4.0"
  resolved "https://registry.yarnpkg.com/extsprintf/-/extsprintf-1.4.0.tgz#e2689f8f356fad62cca65a3a91c5df5f9551692f"

fast-deep-equal@^2.0.1:
  version "2.0.1"
  resolved "https://registry.yarnpkg.com/fast-deep-equal/-/fast-deep-equal-2.0.1.tgz#7b05218ddf9667bf7f370bf7fdb2cb15fdd0aa49"

fast-json-stable-stringify@^2.0.0:
  version "2.0.0"
  resolved "https://registry.yarnpkg.com/fast-json-stable-stringify/-/fast-json-stable-stringify-2.0.0.tgz#d5142c0caee6b1189f87d3a76111064f86c8bbf2"

file-uri-to-path@1.0.0:
  version "1.0.0"
  resolved "https://registry.yarnpkg.com/file-uri-to-path/-/file-uri-to-path-1.0.0.tgz#553a7b8446ff6f684359c445f1e37a05dacc33dd"

find-babel-config@^1.1.0:
  version "1.2.0"
  resolved "https://registry.yarnpkg.com/find-babel-config/-/find-babel-config-1.2.0.tgz#a9b7b317eb5b9860cda9d54740a8c8337a2283a2"
  dependencies:
    json5 "^0.5.1"
    path-exists "^3.0.0"

find-up@^2.1.0:
  version "2.1.0"
  resolved "https://registry.yarnpkg.com/find-up/-/find-up-2.1.0.tgz#45d1b7e506c717ddd482775a2b77920a3c0c57a7"
  dependencies:
    locate-path "^2.0.0"

for-each@^0.3.3:
  version "0.3.3"
  resolved "https://registry.yarnpkg.com/for-each/-/for-each-0.3.3.tgz#69b447e88a0a5d32c3e7084f3f1710034b21376e"
  dependencies:
    is-callable "^1.1.3"

forever-agent@~0.6.1:
  version "0.6.1"
  resolved "https://registry.yarnpkg.com/forever-agent/-/forever-agent-0.6.1.tgz#fbc71f0c41adeb37f96c577ad1ed42d8fdacca91"

form-data@~2.3.2:
  version "2.3.3"
  resolved "https://registry.yarnpkg.com/form-data/-/form-data-2.3.3.tgz#dcce52c05f644f298c6a7ab936bd724ceffbf3a6"
  dependencies:
    asynckit "^0.4.0"
    combined-stream "^1.0.6"
    mime-types "^2.1.12"

fs.realpath@^1.0.0:
  version "1.0.0"
  resolved "https://registry.yarnpkg.com/fs.realpath/-/fs.realpath-1.0.0.tgz#1504ad2523158caa40db4a2787cb01411994ea4f"

function-bind@^1.0.2, function-bind@^1.1.1:
  version "1.1.1"
  resolved "https://registry.yarnpkg.com/function-bind/-/function-bind-1.1.1.tgz#a56899d3ea3c9bab874bb9773b7c5ede92f4895d"

getpass@^0.1.1:
  version "0.1.7"
  resolved "https://registry.yarnpkg.com/getpass/-/getpass-0.1.7.tgz#5eff8e3e684d569ae4cb2b1282604e8ba62149fa"
  dependencies:
    assert-plus "^1.0.0"

glob@^7.1.2:
  version "7.1.3"
  resolved "https://registry.yarnpkg.com/glob/-/glob-7.1.3.tgz#3960832d3f1574108342dafd3a67b332c0969df1"
  dependencies:
    fs.realpath "^1.0.0"
    inflight "^1.0.4"
    inherits "2"
    minimatch "^3.0.4"
    once "^1.3.0"
    path-is-absolute "^1.0.0"

global@~4.3.0:
  version "4.3.2"
  resolved "https://registry.yarnpkg.com/global/-/global-4.3.2.tgz#e76989268a6c74c38908b1305b10fc0e394e9d0f"
  dependencies:
    min-document "^2.19.0"
    process "~0.5.1"

har-schema@^2.0.0:
  version "2.0.0"
  resolved "https://registry.yarnpkg.com/har-schema/-/har-schema-2.0.0.tgz#a94c2224ebcac04782a0d9035521f24735b7ec92"

har-validator@~5.1.0:
  version "5.1.3"
  resolved "https://registry.yarnpkg.com/har-validator/-/har-validator-5.1.3.tgz#1ef89ebd3e4996557675eed9893110dc350fa080"
  dependencies:
    ajv "^6.5.5"
    har-schema "^2.0.0"

has-symbols@^1.0.0:
  version "1.0.0"
  resolved "https://registry.yarnpkg.com/has-symbols/-/has-symbols-1.0.0.tgz#ba1a8f1af2a0fc39650f5c850367704122063b44"

has@^1.0.1, has@^1.0.3:
  version "1.0.3"
  resolved "https://registry.yarnpkg.com/has/-/has-1.0.3.tgz#722d7cbfc1f6aa8241f16dd814e011e1f41e8796"
  dependencies:
    function-bind "^1.1.1"

hash-base@^3.0.0:
  version "3.0.4"
  resolved "https://registry.yarnpkg.com/hash-base/-/hash-base-3.0.4.tgz#5fc8686847ecd73499403319a6b0a3f3f6ae4918"
  dependencies:
    inherits "^2.0.1"
    safe-buffer "^5.0.1"

hash.js@^1.0.0, hash.js@^1.0.3:
  version "1.1.7"
  resolved "https://registry.yarnpkg.com/hash.js/-/hash.js-1.1.7.tgz#0babca538e8d4ee4a0f8988d68866537a003cf42"
  dependencies:
    inherits "^2.0.3"
    minimalistic-assert "^1.0.1"

hmac-drbg@^1.0.0:
  version "1.0.1"
  resolved "https://registry.yarnpkg.com/hmac-drbg/-/hmac-drbg-1.0.1.tgz#d2745701025a6c775a6c545793ed502fc0c649a1"
  dependencies:
    hash.js "^1.0.3"
    minimalistic-assert "^1.0.0"
    minimalistic-crypto-utils "^1.0.1"

http-signature@~1.2.0:
  version "1.2.0"
  resolved "https://registry.yarnpkg.com/http-signature/-/http-signature-1.2.0.tgz#9aecd925114772f3d95b65a60abb8f7c18fbace1"
  dependencies:
    assert-plus "^1.0.0"
    jsprim "^1.2.2"
    sshpk "^1.7.0"

ieee754@^1.1.4:
  version "1.1.13"
  resolved "https://registry.yarnpkg.com/ieee754/-/ieee754-1.1.13.tgz#ec168558e95aa181fd87d37f55c32bbcb6708b84"

inflight@^1.0.4:
  version "1.0.6"
  resolved "https://registry.yarnpkg.com/inflight/-/inflight-1.0.6.tgz#49bd6331d7d02d0c09bc910a1075ba8165b56df9"
  dependencies:
    once "^1.3.0"
    wrappy "1"

inherits@2, inherits@^2.0.1, inherits@^2.0.3:
  version "2.0.3"
  resolved "https://registry.yarnpkg.com/inherits/-/inherits-2.0.3.tgz#633c2c83e3da42a502f52466022480f4208261de"

ipfs-mini@^1.0.1:
  version "1.1.5"
  resolved "https://registry.yarnpkg.com/ipfs-mini/-/ipfs-mini-1.1.5.tgz#1ffd1f0b048814aabbdfa24c77cde255c5b11fc7"
  dependencies:
    xmlhttprequest "^1.8.0"

is-callable@^1.1.3, is-callable@^1.1.4:
  version "1.1.4"
  resolved "https://registry.yarnpkg.com/is-callable/-/is-callable-1.1.4.tgz#1e1adf219e1eeb684d691f9d6a05ff0d30a24d75"

is-date-object@^1.0.1:
  version "1.0.1"
  resolved "https://registry.yarnpkg.com/is-date-object/-/is-date-object-1.0.1.tgz#9aa20eb6aeebbff77fbd33e74ca01b33581d3a16"

is-fn@^1.0.0:
  version "1.0.0"
  resolved "https://registry.yarnpkg.com/is-fn/-/is-fn-1.0.0.tgz#9543d5de7bcf5b08a22ec8a20bae6e286d510d8c"

is-function@^1.0.1:
  version "1.0.1"
  resolved "https://registry.yarnpkg.com/is-function/-/is-function-1.0.1.tgz#12cfb98b65b57dd3d193a3121f5f6e2f437602b5"

is-hex-prefixed@1.0.0:
  version "1.0.0"
  resolved "https://registry.yarnpkg.com/is-hex-prefixed/-/is-hex-prefixed-1.0.0.tgz#7d8d37e6ad77e5d127148913c573e082d777f554"

is-regex@^1.0.4:
  version "1.0.4"
  resolved "https://registry.yarnpkg.com/is-regex/-/is-regex-1.0.4.tgz#5517489b547091b0930e095654ced25ee97e9491"
  dependencies:
    has "^1.0.1"

is-symbol@^1.0.2:
  version "1.0.2"
  resolved "https://registry.yarnpkg.com/is-symbol/-/is-symbol-1.0.2.tgz#a055f6ae57192caee329e7a860118b497a950f38"
  dependencies:
    has-symbols "^1.0.0"

is-typedarray@~1.0.0:
  version "1.0.0"
  resolved "https://registry.yarnpkg.com/is-typedarray/-/is-typedarray-1.0.0.tgz#e479c80858df0c1b11ddda6940f96011fcda4a9a"

isstream@~0.1.2:
  version "0.1.2"
  resolved "https://registry.yarnpkg.com/isstream/-/isstream-0.1.2.tgz#47e63f7af55afa6f92e1500e690eb8b8529c099a"

js-sha256@^0.9.0:
  version "0.9.0"
  resolved "https://registry.yarnpkg.com/js-sha256/-/js-sha256-0.9.0.tgz#0b89ac166583e91ef9123644bd3c5334ce9d0966"

js-sha3@0.5.5:
  version "0.5.5"
  resolved "https://registry.yarnpkg.com/js-sha3/-/js-sha3-0.5.5.tgz#baf0c0e8c54ad5903447df96ade7a4a1bca79a4a"

js-sha3@^0.5.7:
  version "0.5.7"
  resolved "https://registry.yarnpkg.com/js-sha3/-/js-sha3-0.5.7.tgz#0d4ffd8002d5333aabaf4a23eed2f6374c9f28e7"

js-sha3@^0.7.0:
  version "0.7.0"
  resolved "https://registry.yarnpkg.com/js-sha3/-/js-sha3-0.7.0.tgz#0a5c57b36f79882573b2d84051f8bb85dd1bd63a"

jsbn@~0.1.0:
  version "0.1.1"
  resolved "https://registry.yarnpkg.com/jsbn/-/jsbn-0.1.1.tgz#a5e654c2e5a2deb5f201d96cefbca80c0ef2f513"

json-schema-traverse@^0.4.1:
  version "0.4.1"
  resolved "https://registry.yarnpkg.com/json-schema-traverse/-/json-schema-traverse-0.4.1.tgz#69f6a87d9513ab8bb8fe63bdb0979c448e684660"

json-schema@0.2.3:
  version "0.2.3"
  resolved "https://registry.yarnpkg.com/json-schema/-/json-schema-0.2.3.tgz#b480c892e59a2f05954ce727bd3f2a4e882f9e13"

json-stringify-safe@~5.0.1:
  version "5.0.1"
  resolved "https://registry.yarnpkg.com/json-stringify-safe/-/json-stringify-safe-5.0.1.tgz#1296a2d58fd45f19a0f6ce01d65701e2c735b6eb"

json5@^0.5.1:
  version "0.5.1"
  resolved "https://registry.yarnpkg.com/json5/-/json5-0.5.1.tgz#1eade7acc012034ad84e2396767ead9fa5495821"

jsontokens@^0.7.6:
  version "0.7.8"
  resolved "https://registry.yarnpkg.com/jsontokens/-/jsontokens-0.7.8.tgz#9210bb98944ee93a156c72754c1c281b2c52d419"
  dependencies:
    asn1.js "^4.9.1"
    base64url "^3.0.0"
    elliptic "^6.3.2"
    key-encoder "^1.1.6"
    validator "^7.0.0"

jsprim@^1.2.2:
  version "1.4.1"
  resolved "https://registry.yarnpkg.com/jsprim/-/jsprim-1.4.1.tgz#313e66bc1e5cc06e438bc1b7499c2e5c56acb6a2"
  dependencies:
    assert-plus "1.0.0"
    extsprintf "1.3.0"
    json-schema "0.2.3"
    verror "1.10.0"

keccak@^1.0.2:
  version "1.4.0"
  resolved "https://registry.yarnpkg.com/keccak/-/keccak-1.4.0.tgz#572f8a6dbee8e7b3aa421550f9e6408ca2186f80"
  dependencies:
    bindings "^1.2.1"
    inherits "^2.0.3"
    nan "^2.2.1"
    safe-buffer "^5.1.0"

key-encoder@^1.1.6:
  version "1.1.7"
  resolved "https://registry.yarnpkg.com/key-encoder/-/key-encoder-1.1.7.tgz#af139f34910fc7c6f828a02ccf71d8d662d8e495"
  dependencies:
    asn1.js "^5.0.1"
    bn.js "^4.11.8"
    elliptic "^6.4.1"

locate-path@^2.0.0:
  version "2.0.0"
  resolved "https://registry.yarnpkg.com/locate-path/-/locate-path-2.0.0.tgz#2b568b265eec944c6d9c0de9c3dbbbca0354cd8e"
  dependencies:
    p-locate "^2.0.0"
    path-exists "^3.0.0"

lodash@^4.17.11:
  version "4.17.11"
  resolved "https://registry.yarnpkg.com/lodash/-/lodash-4.17.11.tgz#b39ea6229ef607ecd89e2c8df12536891cac9b8d"

md5.js@^1.3.4:
  version "1.3.5"
  resolved "https://registry.yarnpkg.com/md5.js/-/md5.js-1.3.5.tgz#b5d07b8e3216e3e27cd728d72f70d1e6a342005f"
  dependencies:
    hash-base "^3.0.0"
    inherits "^2.0.1"
    safe-buffer "^5.1.2"

mime-db@~1.38.0:
  version "1.38.0"
  resolved "https://registry.yarnpkg.com/mime-db/-/mime-db-1.38.0.tgz#1a2aab16da9eb167b49c6e4df2d9c68d63d8e2ad"

mime-types@^2.1.12, mime-types@~2.1.19:
  version "2.1.22"
  resolved "https://registry.yarnpkg.com/mime-types/-/mime-types-2.1.22.tgz#fe6b355a190926ab7698c9a0556a11199b2199bd"
  dependencies:
    mime-db "~1.38.0"

min-document@^2.19.0:
  version "2.19.0"
  resolved "https://registry.yarnpkg.com/min-document/-/min-document-2.19.0.tgz#7bd282e3f5842ed295bb748cdd9f1ffa2c824685"
  dependencies:
    dom-walk "^0.1.0"

minimalistic-assert@^1.0.0, minimalistic-assert@^1.0.1:
  version "1.0.1"
  resolved "https://registry.yarnpkg.com/minimalistic-assert/-/minimalistic-assert-1.0.1.tgz#2e194de044626d4a10e7f7fbc00ce73e83e4d5c7"

minimalistic-crypto-utils@^1.0.0, minimalistic-crypto-utils@^1.0.1:
  version "1.0.1"
  resolved "https://registry.yarnpkg.com/minimalistic-crypto-utils/-/minimalistic-crypto-utils-1.0.1.tgz#f6c00c1c0b082246e5c4d99dfb8c7c083b2b582a"

minimatch@^3.0.4:
  version "3.0.4"
  resolved "https://registry.yarnpkg.com/minimatch/-/minimatch-3.0.4.tgz#5166e286457f03306064be5497e8dbb0c3d32083"
  dependencies:
    brace-expansion "^1.1.7"

mnid@^0.1.1:
  version "0.1.3"
  resolved "https://registry.yarnpkg.com/mnid/-/mnid-0.1.3.tgz#4545009922257c722d18628543ff185973efd333"
  dependencies:
    base-x "3.0.4"
    buffer "^5.0.5"
    js-sha3 "^0.5.7"

mobile-detect@^1.3.5:
  version "1.4.3"
  resolved "https://registry.yarnpkg.com/mobile-detect/-/mobile-detect-1.4.3.tgz#e436a3839f5807dd4d3cd4e081f7d3a51ffda2dd"

muport-did-resolver@^0.1.0:
  version "0.1.3"
  resolved "https://registry.yarnpkg.com/muport-did-resolver/-/muport-did-resolver-0.1.3.tgz#fa2c18559e956cb2a268eb0bf91dcb48d52d6b86"
  dependencies:
    bs58 "^4.0.1"
    did-resolver "^0.0.4"
    elliptic "^6.4.0"
    ethereumjs-util "^5.2.0"
    js-sha3 "^0.7.0"
    xmlhttprequest "^1.8.0"

nan@^2.2.1:
  version "2.13.2"
  resolved "https://registry.yarnpkg.com/nan/-/nan-2.13.2.tgz#f51dc7ae66ba7d5d55e1e6d4d8092e802c9aefe7"

nets@^3.2.0:
  version "3.2.0"
  resolved "https://registry.yarnpkg.com/nets/-/nets-3.2.0.tgz#d511fbab7af11da013f21b97ee91747d33852d38"
  dependencies:
    request "^2.65.0"
    xhr "^2.1.0"

number-to-bn@1.7.0:
  version "1.7.0"
  resolved "https://registry.yarnpkg.com/number-to-bn/-/number-to-bn-1.7.0.tgz#bb3623592f7e5f9e0030b1977bd41a0c53fe1ea0"
  dependencies:
    bn.js "4.11.6"
    strip-hex-prefix "1.0.0"

oauth-sign@~0.9.0:
  version "0.9.0"
  resolved "https://registry.yarnpkg.com/oauth-sign/-/oauth-sign-0.9.0.tgz#47a7b016baa68b5fa0ecf3dee08a85c679ac6455"

object-keys@^1.0.12:
  version "1.1.0"
  resolved "https://registry.yarnpkg.com/object-keys/-/object-keys-1.1.0.tgz#11bd22348dd2e096a045ab06f6c85bcc340fa032"

once@^1.3.0:
  version "1.4.0"
  resolved "https://registry.yarnpkg.com/once/-/once-1.4.0.tgz#583b1aa775961d4b113ac17d9c50baef9dd76bd1"
  dependencies:
    wrappy "1"

p-limit@^1.1.0:
  version "1.3.0"
  resolved "https://registry.yarnpkg.com/p-limit/-/p-limit-1.3.0.tgz#b86bd5f0c25690911c7590fcbfc2010d54b3ccb8"
  dependencies:
    p-try "^1.0.0"

p-locate@^2.0.0:
  version "2.0.0"
  resolved "https://registry.yarnpkg.com/p-locate/-/p-locate-2.0.0.tgz#20a0103b222a70c8fd39cc2e580680f3dde5ec43"
  dependencies:
    p-limit "^1.1.0"

p-try@^1.0.0:
  version "1.0.0"
  resolved "https://registry.yarnpkg.com/p-try/-/p-try-1.0.0.tgz#cbc79cdbaf8fd4228e13f621f2b1a237c1b207b3"

parse-headers@^2.0.0:
  version "2.0.2"
  resolved "https://registry.yarnpkg.com/parse-headers/-/parse-headers-2.0.2.tgz#9545e8a4c1ae5eaea7d24992bca890281ed26e34"
  dependencies:
    for-each "^0.3.3"
    string.prototype.trim "^1.1.2"

path-exists@^3.0.0:
  version "3.0.0"
  resolved "https://registry.yarnpkg.com/path-exists/-/path-exists-3.0.0.tgz#ce0ebeaa5f78cb18925ea7d810d7b59b010fd515"

path-is-absolute@^1.0.0:
  version "1.0.1"
  resolved "https://registry.yarnpkg.com/path-is-absolute/-/path-is-absolute-1.0.1.tgz#174b9268735534ffbc7ace6bf53a5a9e1b5c5f5f"

path-parse@^1.0.6:
  version "1.0.6"
  resolved "https://registry.yarnpkg.com/path-parse/-/path-parse-1.0.6.tgz#d62dbb5679405d72c4737ec58600e9ddcf06d24c"

performance-now@^2.1.0:
  version "2.1.0"
  resolved "https://registry.yarnpkg.com/performance-now/-/performance-now-2.1.0.tgz#6309f4e0e5fa913ec1c69307ae364b4b377c9e7b"

pkg-up@^2.0.0:
  version "2.0.0"
  resolved "https://registry.yarnpkg.com/pkg-up/-/pkg-up-2.0.0.tgz#c819ac728059a461cab1c3889a2be3c49a004d7f"
  dependencies:
    find-up "^2.1.0"

process@~0.5.1:
  version "0.5.2"
  resolved "https://registry.yarnpkg.com/process/-/process-0.5.2.tgz#1638d8a8e34c2f440a91db95ab9aeb677fc185cf"

promise-to-callback@^1.0.0:
  version "1.0.0"
  resolved "https://registry.yarnpkg.com/promise-to-callback/-/promise-to-callback-1.0.0.tgz#5d2a749010bfb67d963598fcd3960746a68feef7"
  dependencies:
    is-fn "^1.0.0"
    set-immediate-shim "^1.0.1"

psl@^1.1.24:
  version "1.1.31"
  resolved "https://registry.yarnpkg.com/psl/-/psl-1.1.31.tgz#e9aa86d0101b5b105cbe93ac6b784cd547276184"

punycode@^1.4.1:
  version "1.4.1"
  resolved "https://registry.yarnpkg.com/punycode/-/punycode-1.4.1.tgz#c0d5a63b2718800ad8e1eb0fa5269c84dd41845e"

punycode@^2.1.0:
  version "2.1.1"
  resolved "https://registry.yarnpkg.com/punycode/-/punycode-2.1.1.tgz#b58b010ac40c22c5657616c8d2c2c02c7bf479ec"

qr-image@^3.1.0:
  version "3.2.0"
  resolved "https://registry.yarnpkg.com/qr-image/-/qr-image-3.2.0.tgz#9fa8295beae50c4a149cf9f909a1db464a8672e8"

qrcode-terminal@^0.12.0:
  version "0.12.0"
  resolved "https://registry.yarnpkg.com/qrcode-terminal/-/qrcode-terminal-0.12.0.tgz#bb5b699ef7f9f0505092a3748be4464fe71b5819"

qs@^6.2.1:
  version "6.7.0"
  resolved "https://registry.yarnpkg.com/qs/-/qs-6.7.0.tgz#41dc1a015e3d581f1621776be31afb2876a9b1bc"

qs@~6.5.2:
  version "6.5.2"
  resolved "https://registry.yarnpkg.com/qs/-/qs-6.5.2.tgz#cb3ae806e8740444584ef154ce8ee98d403f3e36"

regenerator-runtime@^0.11.0:
  version "0.11.1"
  resolved "https://registry.yarnpkg.com/regenerator-runtime/-/regenerator-runtime-0.11.1.tgz#be05ad7f9bf7d22e056f9726cee5017fbf19e2e9"

request@^2.65.0:
  version "2.88.0"
  resolved "https://registry.yarnpkg.com/request/-/request-2.88.0.tgz#9c2fca4f7d35b592efe57c7f0a55e81052124fef"
  dependencies:
    aws-sign2 "~0.7.0"
    aws4 "^1.8.0"
    caseless "~0.12.0"
    combined-stream "~1.0.6"
    extend "~3.0.2"
    forever-agent "~0.6.1"
    form-data "~2.3.2"
    har-validator "~5.1.0"
    http-signature "~1.2.0"
    is-typedarray "~1.0.0"
    isstream "~0.1.2"
    json-stringify-safe "~5.0.1"
    mime-types "~2.1.19"
    oauth-sign "~0.9.0"
    performance-now "^2.1.0"
    qs "~6.5.2"
    safe-buffer "^5.1.2"
    tough-cookie "~2.4.3"
    tunnel-agent "^0.6.0"
    uuid "^3.3.2"

reselect@^3.0.1:
  version "3.0.1"
  resolved "https://registry.yarnpkg.com/reselect/-/reselect-3.0.1.tgz#efdaa98ea7451324d092b2b2163a6a1d7a9a2147"

resolve@^1.4.0:
  version "1.10.0"
  resolved "https://registry.yarnpkg.com/resolve/-/resolve-1.10.0.tgz#3bdaaeaf45cc07f375656dfd2e54ed0810b101ba"
  dependencies:
    path-parse "^1.0.6"

ripemd160@^2.0.0, ripemd160@^2.0.1:
  version "2.0.2"
  resolved "https://registry.yarnpkg.com/ripemd160/-/ripemd160-2.0.2.tgz#a1c1a6f624751577ba5d07914cbc92850585890c"
  dependencies:
    hash-base "^3.0.0"
    inherits "^2.0.1"

rlp@^2.0.0:
  version "2.2.3"
  resolved "https://registry.yarnpkg.com/rlp/-/rlp-2.2.3.tgz#7f94aef86cec412df87d5ea1d8cb116a47d45f0e"
  dependencies:
    bn.js "^4.11.1"
    safe-buffer "^5.1.1"

safe-buffer@^5.0.1, safe-buffer@^5.1.0, safe-buffer@^5.1.1, safe-buffer@^5.1.2:
  version "5.1.2"
  resolved "https://registry.yarnpkg.com/safe-buffer/-/safe-buffer-5.1.2.tgz#991ec69d296e0313747d59bdfd2b745c35f8828d"

safer-buffer@^2.0.2, safer-buffer@^2.1.0, safer-buffer@~2.1.0:
  version "2.1.2"
  resolved "https://registry.yarnpkg.com/safer-buffer/-/safer-buffer-2.1.2.tgz#44fa161b0187b9549dd84bb91802f9bd8385cd6a"

secp256k1@^3.0.1:
  version "3.6.2"
  resolved "https://registry.yarnpkg.com/secp256k1/-/secp256k1-3.6.2.tgz#da835061c833c74a12f75c73d2ec2e980f00dc1f"
  dependencies:
    bindings "^1.2.1"
    bip66 "^1.1.3"
    bn.js "^4.11.3"
    create-hash "^1.1.2"
    drbg.js "^1.0.1"
    elliptic "^6.2.3"
    nan "^2.2.1"
    safe-buffer "^5.1.0"

set-immediate-shim@^1.0.1:
  version "1.0.1"
  resolved "https://registry.yarnpkg.com/set-immediate-shim/-/set-immediate-shim-1.0.1.tgz#4b2b1b27eb808a9f8dcc481a58e5e56f599f3f61"

sha.js@^2.4.0, sha.js@^2.4.8:
  version "2.4.11"
  resolved "https://registry.yarnpkg.com/sha.js/-/sha.js-2.4.11.tgz#37a5cf0b81ecbc6943de109ba2960d1b26584ae7"
  dependencies:
    inherits "^2.0.1"
    safe-buffer "^5.0.1"

sshpk@^1.7.0:
  version "1.16.1"
  resolved "https://registry.yarnpkg.com/sshpk/-/sshpk-1.16.1.tgz#fb661c0bef29b39db40769ee39fa70093d6f6877"
  dependencies:
    asn1 "~0.2.3"
    assert-plus "^1.0.0"
    bcrypt-pbkdf "^1.0.0"
    dashdash "^1.12.0"
    ecc-jsbn "~0.1.1"
    getpass "^0.1.1"
    jsbn "~0.1.0"
    safer-buffer "^2.0.2"
    tweetnacl "~0.14.0"

string.prototype.trim@^1.1.2:
  version "1.1.2"
  resolved "https://registry.yarnpkg.com/string.prototype.trim/-/string.prototype.trim-1.1.2.tgz#d04de2c89e137f4d7d206f086b5ed2fae6be8cea"
  dependencies:
    define-properties "^1.1.2"
    es-abstract "^1.5.0"
    function-bind "^1.0.2"

strip-hex-prefix@1.0.0:
  version "1.0.0"
  resolved "https://registry.yarnpkg.com/strip-hex-prefix/-/strip-hex-prefix-1.0.0.tgz#0c5f155fef1151373377de9dbb588da05500e36f"
  dependencies:
    is-hex-prefixed "1.0.0"

tough-cookie@~2.4.3:
  version "2.4.3"
  resolved "https://registry.yarnpkg.com/tough-cookie/-/tough-cookie-2.4.3.tgz#53f36da3f47783b0925afa06ff9f3b165280f781"
  dependencies:
    psl "^1.1.24"
    punycode "^1.4.1"

tunnel-agent@^0.6.0:
  version "0.6.0"
  resolved "https://registry.yarnpkg.com/tunnel-agent/-/tunnel-agent-0.6.0.tgz#27a5dea06b36b04a0a9966774b290868f0fc40fd"
  dependencies:
    safe-buffer "^5.0.1"

tweetnacl-util@^0.15.0:
  version "0.15.0"
  resolved "https://registry.yarnpkg.com/tweetnacl-util/-/tweetnacl-util-0.15.0.tgz#4576c1cee5e2d63d207fee52f1ba02819480bc75"

tweetnacl@^0.14.3, tweetnacl@~0.14.0:
  version "0.14.5"
  resolved "https://registry.yarnpkg.com/tweetnacl/-/tweetnacl-0.14.5.tgz#5ae68177f192d4456269d108afa93ff8743f4f64"

tweetnacl@^1.0.0:
  version "1.0.1"
  resolved "https://registry.yarnpkg.com/tweetnacl/-/tweetnacl-1.0.1.tgz#2594d42da73cd036bd0d2a54683dd35a6b55ca17"

uport-connect@^0.7.3:
  version "0.7.8"
  resolved "https://registry.yarnpkg.com/uport-connect/-/uport-connect-0.7.8.tgz#19ae9eab3a2d3b948ae2139c42f5606ce651c14d"
  dependencies:
    async "^2.1.4"
    did-jwt "0.0.8"
    ethjs-abi "^0.1.8"
    ethjs-util "^0.1.3"
    ethr-did-resolver "^0.1.1"
    ipfs-mini "^1.0.1"
    mnid "^0.1.1"
    mobile-detect "^1.3.5"
    nets "^3.2.0"
    qr-image "^3.1.0"
    qs "^6.2.1"
    uport "^0.6.5"
    web3 "0.19.0"

uport-did-resolver@0.0.3:
  version "0.0.3"
  resolved "https://registry.yarnpkg.com/uport-did-resolver/-/uport-did-resolver-0.0.3.tgz#1336d3a84f6ae1897bed7233eabe72db9ce647a1"
  dependencies:
    babel-runtime "^6.26.0"
    did-resolver "^0.0.4"
    uport-lite "^1.0.2"

uport-did-resolver@^0.0.2:
  version "0.0.2"
  resolved "https://registry.yarnpkg.com/uport-did-resolver/-/uport-did-resolver-0.0.2.tgz#b1e9deec8bf5d08d101d078ea876aa09ac727cce"
  dependencies:
    babel-runtime "^6.26.0"
    did-resolver "^0.0.4"
    uport-lite "^1.0.2"

uport-lite@^1.0.2:
  version "1.0.3"
  resolved "https://registry.yarnpkg.com/uport-lite/-/uport-lite-1.0.3.tgz#9dacd7ddcb61bb30bdec42debdc4082307a87b98"
  dependencies:
    base-x "3.0.4"
    xmlhttprequest "^1.8.0"

uport@^0.6.5:
  version "0.6.5"
  resolved "https://registry.yarnpkg.com/uport/-/uport-0.6.5.tgz#91ffdcd8046367299da54f7c77cfbc328250f2ae"
  dependencies:
    base64url "^3.0.0"
    did-jwt "^0.0.8"
    did-resolver "^0.0.4"
    ethjs-util "^0.1.3"
    ethr-did-resolver "^0.1.1"
    jsontokens "^0.7.6"
    mnid "^0.1.1"
    muport-did-resolver "^0.1.0"
    nets "^3.2.0"
    tweetnacl "^1.0.0"
    tweetnacl-util "^0.15.0"
    uport-did-resolver "0.0.3"
    uport-lite "^1.0.2"

uri-js@^4.2.2:
  version "4.2.2"
  resolved "https://registry.yarnpkg.com/uri-js/-/uri-js-4.2.2.tgz#94c540e1ff772956e2299507c010aea6c8838eb0"
  dependencies:
    punycode "^2.1.0"

utf8@^2.1.1:
  version "2.1.2"
  resolved "https://registry.yarnpkg.com/utf8/-/utf8-2.1.2.tgz#1fa0d9270e9be850d9b05027f63519bf46457d96"

uuid@^3.3.2:
  version "3.3.2"
  resolved "https://registry.yarnpkg.com/uuid/-/uuid-3.3.2.tgz#1b4af4955eb3077c501c23872fc6513811587131"

validator@^7.0.0:
  version "7.2.0"
  resolved "https://registry.yarnpkg.com/validator/-/validator-7.2.0.tgz#a63dcbaba51d4350bf8df20988e0d5a54d711791"

verror@1.10.0:
  version "1.10.0"
  resolved "https://registry.yarnpkg.com/verror/-/verror-1.10.0.tgz#3a105ca17053af55d6e270c1f8288682e18da400"
  dependencies:
    assert-plus "^1.0.0"
    core-util-is "1.0.2"
    extsprintf "^1.2.0"

web3@0.19.0:
  version "0.19.0"
  resolved "https://registry.yarnpkg.com/web3/-/web3-0.19.0.tgz#8b18fba24421a59d2884859bcb9b718c2665524e"
  dependencies:
    bignumber.js "git+https://github.com/debris/bignumber.js.git#94d7146671b9719e00a09c29b01a691bc85048c2"
    crypto-js "^3.1.4"
    utf8 "^2.1.1"
    xhr2 "*"
    xmlhttprequest "*"

wrappy@1:
  version "1.0.2"
  resolved "https://registry.yarnpkg.com/wrappy/-/wrappy-1.0.2.tgz#b5243d8f3ec1aa35f1364605bc0d1036e30ab69f"

xhr2@*:
  version "0.1.4"
  resolved "https://registry.yarnpkg.com/xhr2/-/xhr2-0.1.4.tgz#7f87658847716db5026323812f818cadab387a5f"

xhr2@0.1.3:
  version "0.1.3"
  resolved "https://registry.yarnpkg.com/xhr2/-/xhr2-0.1.3.tgz#cbfc4759a69b4a888e78cf4f20b051038757bd11"

xhr@^2.1.0:
  version "2.5.0"
  resolved "https://registry.yarnpkg.com/xhr/-/xhr-2.5.0.tgz#bed8d1676d5ca36108667692b74b316c496e49dd"
  dependencies:
    global "~4.3.0"
    is-function "^1.0.1"
    parse-headers "^2.0.0"
    xtend "^4.0.0"

xmlhttprequest@*, xmlhttprequest@^1.8.0:
  version "1.8.0"
  resolved "https://registry.yarnpkg.com/xmlhttprequest/-/xmlhttprequest-1.8.0.tgz#67fe075c5c24fef39f9d65f5f7b7fe75171968fc"

xtend@^4.0.0:
  version "4.0.1"
  resolved "https://registry.yarnpkg.com/xtend/-/xtend-4.0.1.tgz#a5c6d532be656e23db820efb943a1f04998d63af"
